Microsoft Visual Studio Solution File, Format Version 12.00
# Visual Studio Version 17
VisualStudioVersion = 17.5.2.0
MinimumVisualStudioVersion = 10.0.40219.1
Project("{2150E333-8FDC-42A3-9474-1A3956D46DE8}") = "csharp-api", "csharp-api", "{C7CF8A27-8B6C-DC5F-2938-47052F33FEEC}"
EndProject
Project("{FAE04EC0-301F-11D3-BF4B-00C04F79EFBC}") = "HelloApi", "csharp-api\HelloApi.csproj", "{6D0AA12E-1937-AA2F-EEA8-E75AC4245BFB}"
EndProject
Global
	GlobalSection(SolutionConfigurationPlatforms) = preSolution
		Debug|Any CPU = Debug|Any CPU
		Release|Any CPU = Release|Any CPU
	EndGlobalSection
	GlobalSection(ProjectConfigurationPlatforms) = postSolution
		{6D0AA12E-1937-AA2F-EEA8-E75AC4245BFB}.Debug|Any CPU.ActiveCfg = Debug|Any CPU
		{6D0AA12E-1937-AA2F-EEA8-E75AC4245BFB}.Debug|Any CPU.Build.0 = Debug|Any CPU
		{6D0AA12E-1937-AA2F-EEA8-E75AC4245BFB}.Release|Any CPU.ActiveCfg = Release|Any CPU
		{6D0AA12E-1937-AA2F-EEA8-E75AC4245BFB}.Release|Any CPU.Build.0 = Release|Any CPU
	EndGlobalSection
	GlobalSection(SolutionProperties) = preSolution
		HideSolutionNode = FALSE
	EndGlobalSection
	GlobalSection(NestedProjects) = preSolution
		{6D0AA12E-1937-AA2F-EEA8-E75AC4245BFB} = {C7CF8A27-8B6C-DC5F-2938-47052F33FEEC}
	EndGlobalSection
	GlobalSection(ExtensibilityGlobals) = postSolution
		SolutionGuid = {772D91E4-D48A-41D1-9230-30A639B52975}
	EndGlobalSection
EndGlobal
